// !$*UTF8*$!
{
	archiveVersion = 1;
	classes = {
	};
	objectVersion = 46;
	objects = {

/* Begin PBXBuildFile section */
		434C7DEE1A08B3FA0035ED87 /* B68UIFloatLabelTextField.swift in Sources */ = {isa = PBXBuildFile; fileRef = 434C7DED1A08B3FA0035ED87 /* B68UIFloatLabelTextField.swift */; };
		43C4392419BCF9CE0017D531 /* AppDelegate.swift in Sources */ = {isa = PBXBuildFile; fileRef = 43C4392319BCF9CE0017D531 /* AppDelegate.swift */; };
		43C4392619BCF9CE0017D531 /* ViewController.swift in Sources */ = {isa = PBXBuildFile; fileRef = 43C4392519BCF9CE0017D531 /* ViewController.swift */; };
		43C4392919BCF9CE0017D531 /* Main.storyboard in Resources */ = {isa = PBXBuildFile; fileRef = 43C4392719BCF9CE0017D531 /* Main.storyboard */; };
		43C4392B19BCF9CE0017D531 /* Images.xcassets in Resources */ = {isa = PBXBuildFile; fileRef = 43C4392A19BCF9CE0017D531 /* Images.xcassets */; };
/* End PBXBuildFile section */

/* Begin PBXCopyFilesBuildPhase section */
		43C4396019BCFA3C0017D531 /* Embed Frameworks */ = {
			isa = PBXCopyFilesBuildPhase;
			buildActionMask = 2147483647;
			dstPath = "";
			dstSubfolderSpec = 10;
			files = (
			);
			name = "Embed Frameworks";
			runOnlyForDeploymentPostprocessing = 0;
		};
/* End PBXCopyFilesBuildPhase section */

/* Begin PBXFileReference section */
		434C7DED1A08B3FA0035ED87 /* B68UIFloatLabelTextField.swift */ = {isa = PBXFileReference; fileEncoding = 4; lastKnownFileType = sourcecode.swift; path = B68UIFloatLabelTextField.swift; sourceTree = "<group>"; };
		43C4391E19BCF9CE0017D531 /* UIFloatLabelTextInput.app */ = {isa = PBXFileReference; explicitFileType = wrapper.application; includeInIndex = 0; path = UIFloatLabelTextInput.app; sourceTree = BUILT_PRODUCTS_DIR; };
		43C4392219BCF9CE0017D531 /* Info.plist */ = {isa = PBXFileReference; lastKnownFileType = text.plist.xml; path = Info.plist; sourceTree = "<group>"; };
		43C4392319BCF9CE0017D531 /* AppDelegate.swift */ = {isa = PBXFileReference; lastKnownFileType = sourcecode.swift; path = AppDelegate.swift; sourceTree = "<group>"; };
		43C4392519BCF9CE0017D531 /* ViewController.swift */ = {isa = PBXFileReference; lastKnownFileType = sourcecode.swift; path = ViewController.swift; sourceTree = "<group>"; };
		43C4392819BCF9CE0017D531 /* Base */ = {isa = PBXFileReference; lastKnownFileType = file.storyboard; name = Base; path = Base.lproj/Main.storyboard; sourceTree = "<group>"; };
		43C4392A19BCF9CE0017D531 /* Images.xcassets */ = {isa = PBXFileReference; lastKnownFileType = folder.assetcatalog; path = Images.xcassets; sourceTree = "<group>"; };
/* End PBXFileReference section */

/* Begin PBXFrameworksBuildPhase section */
		43C4391B19BCF9CE0017D531 /* Frameworks */ = {
			isa = PBXFrameworksBuildPhase;
			buildActionMask = 2147483647;
			files = (
			);
			runOnlyForDeploymentPostprocessing = 0;
		};
/* End PBXFrameworksBuildPhase section */

/* Begin PBXGroup section */
		434C7DEC1A08B3FA0035ED87 /* B68UIFloatLabelTextField */ = {
			isa = PBXGroup;
			children = (
				434C7DED1A08B3FA0035ED87 /* B68UIFloatLabelTextField.swift */,
			);
			name = B68UIFloatLabelTextField;
			path = ../B68UIFloatLabelTextField;
			sourceTree = "<group>";
		};
		43C4391519BCF9CE0017D531 = {
			isa = PBXGroup;
			children = (
				434C7DEC1A08B3FA0035ED87 /* B68UIFloatLabelTextField */,
				43C4392019BCF9CE0017D531 /* UIFloatLabelTextInput */,
				43C4391F19BCF9CE0017D531 /* Products */,
			);
			sourceTree = "<group>";
		};
		43C4391F19BCF9CE0017D531 /* Products */ = {
			isa = PBXGroup;
			children = (
				43C4391E19BCF9CE0017D531 /* UIFloatLabelTextInput.app */,
			);
			name = Products;
			sourceTree = "<group>";
		};
		43C4392019BCF9CE0017D531 /* UIFloatLabelTextInput */ = {
			isa = PBXGroup;
			children = (
				43C4392319BCF9CE0017D531 /* AppDelegate.swift */,
				43C4392519BCF9CE0017D531 /* ViewController.swift */,
				43C4392719BCF9CE0017D531 /* Main.storyboard */,
				43C4392A19BCF9CE0017D531 /* Images.xcassets */,
				43C4392119BCF9CE0017D531 /* Supporting Files */,
			);
			path = UIFloatLabelTextInput;
			sourceTree = "<group>";
		};
		43C4392119BCF9CE0017D531 /* Supporting Files */ = {
			isa = PBXGroup;
			children = (
				43C4392219BCF9CE0017D531 /* Info.plist */,
			);
			name = "Supporting Files";
			sourceTree = "<group>";
		};
/* End PBXGroup section */

/* Begin PBXNativeTarget section */
		43C4391D19BCF9CE0017D531 /* UIFloatLabelTextInput */ = {
			isa = PBXNativeTarget;
			buildConfigurationList = 43C4393A19BCF9CE0017D531 /* Build configuration list for PBXNativeTarget "UIFloatLabelTextInput" */;
			buildPhases = (
				43C4391A19BCF9CE0017D531 /* Sources */,
				43C4391B19BCF9CE0017D531 /* Frameworks */,
				43C4391C19BCF9CE0017D531 /* Resources */,
				43C4396019BCFA3C0017D531 /* Embed Frameworks */,
			);
			buildRules = (
			);
			dependencies = (
			);
			name = UIFloatLabelTextInput;
			productName = UIFloatLabelTextInput;
			productReference = 43C4391E19BCF9CE0017D531 /* UIFloatLabelTextInput.app */;
			productType = "com.apple.product-type.application";
		};
/* End PBXNativeTarget section */

/* Begin PBXProject section */
		43C4391619BCF9CE0017D531 /* Project object */ = {
			isa = PBXProject;
			attributes = {
				LastSwiftUpdateCheck = 0730;
				LastUpgradeCheck = 0730;
				ORGANIZATIONNAME = "Dirk Fabisch";
				TargetAttributes = {
					43C4391D19BCF9CE0017D531 = {
						CreatedOnToolsVersion = 6.0;
						DevelopmentTeam = YV6CG57Z4A;
						LastSwiftMigration = 0800;
					};
				};
			};
			buildConfigurationList = 43C4391919BCF9CE0017D531 /* Build configuration list for PBXProject "UIFloatLabelTextInput" */;
			compatibilityVersion = "Xcode 3.2";
			developmentRegion = English;
			hasScannedForEncodings = 0;
			knownRegions = (
				en,
				Base,
			);
			mainGroup = 43C4391519BCF9CE0017D531;
			productRefGroup = 43C4391F19BCF9CE0017D531 /* Products */;
			projectDirPath = "";
			projectRoot = "";
			targets = (
				43C4391D19BCF9CE0017D531 /* UIFloatLabelTextInput */,
			);
		};
/* End PBXProject section */

/* Begin PBXResourcesBuildPhase section */
		43C4391C19BCF9CE0017D531 /* Resources */ = {
			isa = PBXResourcesBuildPhase;
			buildActionMask = 2147483647;
			files = (
				43C4392919BCF9CE0017D531 /* Main.storyboard in Resources */,
				43C4392B19BCF9CE0017D531 /* Images.xcassets in Resources */,
			);
			runOnlyForDeploymentPostprocessing = 0;
		};
/* End PBXResourcesBuildPhase section */

/* Begin PBXSourcesBuildPhase section */
		43C4391A19BCF9CE0017D531 /* Sources */ = {
			isa = PBXSourcesBuildPhase;
			buildActionMask = 2147483647;
			files = (
				43C4392619BCF9CE0017D531 /* ViewController.swift in Sources */,
				43C4392419BCF9CE0017D531 /* AppDelegate.swift in Sources */,
				434C7DEE1A08B3FA0035ED87 /* B68UIFloatLabelTextField.swift in Sources */,
			);
			runOnlyForDeploymentPostprocessing = 0;
		};
/* End PBXSourcesBuildPhase section */

/* Begin PBXVariantGroup section */
		43C4392719BCF9CE0017D531 /* Main.storyboard */ = {
			isa = PBXVariantGroup;
			children = (
				43C4392819BCF9CE0017D531 /* Base */,
			);
			name = Main.storyboard;
			sourceTree = "<group>";
		};
/* End PBXVariantGroup section */

/* Begin XCBuildConfiguration section */
		43C4393819BCF9CE0017D531 /* Debug */ = {
			isa = XCBuildConfiguration;
			buildSettings = {
				ALWAYS_SEARCH_USER_PATHS = NO;
				CLANG_CXX_LANGUAGE_STANDARD = "gnu++0x";
				CLANG_CXX_LIBRARY = "libc++";
				CLANG_ENABLE_MODULES = YES;
				CLANG_ENABLE_OBJC_ARC = YES;
				CLANG_WARN_BOOL_CONVERSION = YES;
				CLANG_WARN_CONSTANT_CONVERSION = YES;
				CLANG_WARN_DIRECT_OBJC_ISA_USAGE = YES_ERROR;
				CLANG_WARN_EMPTY_BODY = YES;
				CLANG_WARN_ENUM_CONVERSION = YES;
				CLANG_WARN_INT_CONVERSION = YES;
				CLANG_WARN_OBJC_ROOT_CLASS = YES_ERROR;
				CLANG_WARN_UNREACHABLE_CODE = YES;
				CLANG_WARN__DUPLICATE_METHOD_MATCH = YES;
				"CODE_SIGN_IDENTITY[sdk=iphoneos*]" = "iPhone Developer";
				COPY_PHASE_STRIP = NO;
				ENABLE_STRICT_OBJC_MSGSEND = YES;
				ENABLE_TESTABILITY = YES;
				GCC_C_LANGUAGE_STANDARD = gnu99;
				GCC_DYNAMIC_NO_PIC = NO;
				GCC_OPTIMIZATION_LEVEL = 0;
				GCC_PREPROCESSOR_DEFINITIONS = (
					"DEBUG=1",
					"$(inherited)",
				);
				GCC_SYMBOLS_PRIVATE_EXTERN = NO;
				GCC_WARN_64_TO_32_BIT_CONVERSION = YES;
				GCC_WARN_ABOUT_RETURN_TYPE = YES_ERROR;
				GCC_WARN_UNDECLARED_SELECTOR = YES;
				GCC_WARN_UNINITIALIZED_AUTOS = YES_AGGRESSIVE;
				GCC_WARN_UNUSED_FUNCTION = YES;
				GCC_WARN_UNUSED_VARIABLE = YES;
				IPHONEOS_DEPLOYMENT_TARGET = 8.0;
				MTL_ENABLE_DEBUG_INFO = YES;
				ONLY_ACTIVE_ARCH = YES;
				SDKROOT = iphoneos;
				SWIFT_OPTIMIZATION_LEVEL = "-Onone";
			};
			name = Debug;
		};
		43C4393919BCF9CE0017D531 /* Release */ = {
			isa = XCBuildConfiguration;
			buildSettings = {
				ALWAYS_SEARCH_USER_PATHS = NO;
				CLANG_CXX_LANGUAGE_STANDARD = "gnu++0x";
				CLANG_CXX_LIBRARY = "libc++";
				CLANG_ENABLE_MODULES = YES;
				CLANG_ENABLE_OBJC_ARC = YES;
				CLANG_WARN_BOOL_CONVERSION = YES;
				CLANG_WARN_CONSTANT_CONVERSION = YES;
				CLANG_WARN_DIRECT_OBJC_ISA_USAGE = YES_ERROR;
				CLANG_WARN_EMPTY_BODY = YES;
				CLANG_WARN_ENUM_CONVERSION = YES;
				CLANG_WARN_INT_CONVERSION = YES;
				CLANG_WARN_OBJC_ROOT_CLASS = YES_ERROR;
				CLANG_WARN_UNREACHABLE_CODE = YES;
				CLANG_WARN__DUPLICATE_METHOD_MATCH = YES;
				"CODE_SIGN_IDENTITY[sdk=iphoneos*]" = "iPhone Developer";
				COPY_PHASE_STRIP = YES;
				ENABLE_NS_ASSERTIONS = NO;
				ENABLE_STRICT_OBJC_MSGSEND = YES;
				GCC_C_LANGUAGE_STANDARD = gnu99;
				GCC_WARN_64_TO_32_BIT_CONVERSION = YES;
				GCC_WARN_ABOUT_RETURN_TYPE = YES_ERROR;
				GCC_WARN_UNDECLARED_SELECTOR = YES;
				GCC_WARN_UNINITIALIZED_AUTOS = YES_AGGRESSIVE;
				GCC_WARN_UNUSED_FUNCTION = YES;
				GCC_WARN_UNUSED_VARIABLE = YES;
				IPHONEOS_DEPLOYMENT_TARGET = 8.0;
				MTL_ENABLE_DEBUG_INFO = NO;
				SDKROOT = iphoneos;
				VALIDATE_PRODUCT = YES;
			};
			name = Release;
		};
		43C4393B19BCF9CE0017D531 /* Debug */ = {
			isa = XCBuildConfiguration;
			buildSettings = {
				ASSETCATALOG_COMPILER_APPICON_NAME = AppIcon;
				ASSETCATALOG_COMPILER_LAUNCHIMAGE_NAME = LaunchImage;
				CODE_SIGN_IDENTITY = "iPhone Developer";
				"CODE_SIGN_IDENTITY[sdk=iphoneos*]" = "iPhone Developer";
				INFOPLIST_FILE = UIFloatLabelTextInput/Info.plist;
				LD_RUNPATH_SEARCH_PATHS = "$(inherited) @executable_path/Frameworks";
				PRODUCT_BUNDLE_IDENTIFIER = "com.base68.$(PRODUCT_NAME:rfc1034identifier)";
				PRODUCT_NAME = "$(TARGET_NAME)";
				PROVISIONING_PROFILE = "";
				SWIFT_VERSION = 3.0;
			};
			name = Debug;
		};
		43C4393C19BCF9CE0017D531 /* Release */ = {
			isa = XCBuildConfiguration;
			buildSettings = {
				ASSETCATALOG_COMPILER_APPICON_NAME = AppIcon;
				ASSETCATALOG_COMPILER_LAUNCHIMAGE_NAME = LaunchImage;
				CODE_SIGN_IDENTITY = "iPhone Developer";
				"CODE_SIGN_IDENTITY[sdk=iphoneos*]" = "iPhone Developer";
				INFOPLIST_FILE = UIFloatLabelTextInput/Info.plist;
				LD_RUNPATH_SEARCH_PATHS = "$(inherited) @executable_path/Frameworks";
				PRODUCT_BUNDLE_IDENTIFIER = "com.base68.$(PRODUCT_NAME:rfc1034identifier)";
				PRODUCT_NAME = "$(TARGET_NAME)";
				PROVISIONING_PROFILE = "";
				SWIFT_VERSION = 3.0;
			};
			name = Release;
		};
/* End XCBuildConfiguration section */

/* Begin XCConfigurationList section */
		43C4391919BCF9CE0017D531 /* Build configuration list for PBXProject "UIFloatLabelTextInput" */ = {
			isa = XCConfigurationList;
			buildConfigurations = (
				43C4393819BCF9CE0017D531 /* Debug */,
				43C4393919BCF9CE0017D531 /* Release */,
			);
			defaultConfigurationIsVisible = 0;
			defaultConfigurationName = Release;
		};
		43C4393A19BCF9CE0017D531 /* Build configuration list for PBXNativeTarget "UIFloatLabelTextInput" */ = {
			isa = XCConfigurationList;
			buildConfigurations = (
				43C4393B19BCF9CE0017D531 /* Debug */,
				43C4393C19BCF9CE0017D531 /* Release */,
			);
			defaultConfigurationIsVisible = 0;
			defaultConfigurationName = Release;
		};
/* End XCConfigurationList section */
	};
	rootObject = 43C4391619BCF9CE0017D531 /* Project object */;
}
